
Microsoft Visual Studio Solution File, Format Version 12.00
# Visual Studio Version 16
VisualStudioVersion = 16.0.29403.142
MinimumVisualStudioVersion = 10.0.40219.1
Project("{9A19103F-16F7-4668-BE54-9A1E7A4F7556}") = "JsonToCsvMapper", "JsonToCsvMapper\JsonToCsvMapper.csproj", "{B3CB5859-8AA5-42EA-8AE0-7CB29D1289DC}"
EndProject
Project("{FAE04EC0-301F-11D3-BF4B-00C04F79EFBC}") = "JsonToCsvMapper.Demo", "JsonToCsvMapper.Demo\JsonToCsvMapper.Demo.csproj", "{15F153A3-2972-495B-B0B8-EA5131872517}"
EndProject
Global
	GlobalSection(SolutionConfigurationPlatforms) = preSolution
		Debug|Any CPU = Debug|Any CPU
		Release|Any CPU = Release|Any CPU
	EndGlobalSection
	GlobalSection(ProjectConfigurationPlatforms) = postSolution
		{B3CB5859-8AA5-42EA-8AE0-7CB29D1289DC}.Debug|Any CPU.ActiveCfg = Debug|Any CPU
		{B3CB5859-8AA5-42EA-8AE0-7CB29D1289DC}.Debug|Any CPU.Build.0 = Debug|Any CPU
		{B3CB5859-8AA5-42EA-8AE0-7CB29D1289DC}.Release|Any CPU.ActiveCfg = Release|Any CPU
		{B3CB5859-8AA5-42EA-8AE0-7CB29D1289DC}.Release|Any CPU.Build.0 = Release|Any CPU
		{15F153A3-2972-495B-B0B8-EA5131872517}.Debug|Any CPU.ActiveCfg = Debug|Any CPU
		{15F153A3-2972-495B-B0B8-EA5131872517}.Debug|Any CPU.Build.0 = Debug|Any CPU
		{15F153A3-2972-495B-B0B8-EA5131872517}.Release|Any CPU.ActiveCfg = Release|Any CPU
		{15F153A3-2972-495B-B0B8-EA5131872517}.Release|Any CPU.Build.0 = Release|Any CPU
	EndGlobalSection
	GlobalSection(SolutionProperties) = preSolution
		HideSolutionNode = FALSE
	EndGlobalSection
	GlobalSection(ExtensibilityGlobals) = postSolution
		SolutionGuid = {DA994EFC-9BFE-483C-B56D-B1A15A35C5EE}
	EndGlobalSection
EndGlobal
